# This file is autogenerated, do not edit; changes may be undone by the next 'dep ensure'.


[[projects]]
  branch = "master"
  name = "github.com/dmgk/faker"
  packages = [
    ".",
    "locales"
  ]
  revision = "854b4c67597c9b22b92860db2650cad35d337269"

[solve-meta]
  analyzer-name = "dep"
  analyzer-version = 1
  inputs-digest = "568c2775a2cbd35f35eff5c46c508b8587001ba982d1915087e008515d93e03e"
  solver-name = "gps-cdcl"
  solver-version = 1
